{
  "version": "2",
  "remote": {
    "https://deno.land/std@0.170.0/fmt/colors.ts": "03ad95e543d2808bc43c17a3dd29d25b43d0f16287fe562a0be89bf632454a12",
    "https://deno.land/std@0.176.0/_util/asserts.ts": "178dfc49a464aee693a7e285567b3d0b555dc805ff490505a8aae34f9cfb1462",
    "https://deno.land/std@0.176.0/bytes/bytes_list.ts": "b4cbdfd2c263a13e8a904b12d082f6177ea97d9297274a4be134e989450dfa6a",
    "https://deno.land/std@0.176.0/bytes/concat.ts": "d26d6f3d7922e6d663dacfcd357563b7bf4a380ce5b9c2bbe0c8586662f25ce2",
    "https://deno.land/std@0.176.0/bytes/copy.ts": "939d89e302a9761dcf1d9c937c7711174ed74c59eef40a1e4569a05c9de88219",
    "https://deno.land/std@0.176.0/io/buf_reader.ts": "90a7adcb3638d8e1361695cdf844d58bcd97c41711dc6f9f8acc0626ebe097f5",
    "https://deno.land/std@0.176.0/io/buf_writer.ts": "759c69d304b04d2909976f2a03a24a107276fbd81ed13593c5c2d43d104b52f3",
    "https://deno.land/std@0.176.0/io/buffer.ts": "e2b7564f684dad625cab08f5106f33572d325705d19a36822b3272fbdfb8f726",
    "https://deno.land/std@0.176.0/io/copy_n.ts": "c498021ce291576a68b5bae9f9d3a27f97644f4af6c1047fb1cff054af19e436",
    "https://deno.land/std@0.176.0/io/limited_reader.ts": "d709b5b3113d4cbf934415ba242596e0ecb130e8868fb47197217e09dbb59558",
    "https://deno.land/std@0.176.0/io/mod.ts": "2665bcccc1fd6e8627cca167c3e92aaecbd9897556b6f69e6d258070ef63fd9b",
    "https://deno.land/std@0.176.0/io/multi_reader.ts": "5f7ef6e987486322b38c72e206b8fbc8916d55a87fbcdc97a8b2596386c28d44",
    "https://deno.land/std@0.176.0/io/read_delim.ts": "7e102c66f00a118fa1e1ccd4abb080496f43766686907fd8b9522fdf85443586",
    "https://deno.land/std@0.176.0/io/read_int.ts": "7cb8bcdfaf1107586c3bacc583d11c64c060196cb070bb13ae8c2061404f911f",
    "https://deno.land/std@0.176.0/io/read_lines.ts": "baee9e35034f2fdfccf63bc24b7e3cb45aa1c1c5de26d178f7bcbc572e87772f",
    "https://deno.land/std@0.176.0/io/read_long.ts": "f0aaa420e3da1261c5d33c5e729f09922f3d9fa49f046258d4ff7a00d800c71e",
    "https://deno.land/std@0.176.0/io/read_range.ts": "28152daf32e43dd9f7d41d8466852b0d18ad766cd5c4334c91fef6e1b3a74eb5",
    "https://deno.land/std@0.176.0/io/read_short.ts": "805cb329574b850b84bf14a92c052c59b5977a492cd780c41df8ad40826c1a20",
    "https://deno.land/std@0.176.0/io/read_string_delim.ts": "46eb0c9db3547caf8c759631effa200bbe48924f9b34f41edc627bde36cee52d",
    "https://deno.land/std@0.176.0/io/slice_long_to_bytes.ts": "b096472afa3a0dd90fa84584dde7706ed29fc16d48009a581c49368f09fe70f4",
    "https://deno.land/std@0.176.0/io/string_reader.ts": "ad9cbecb8509732afcf3d73bb72fa551ec0ccc34f9b8127826247f0190753a65",
    "https://deno.land/std@0.176.0/io/string_writer.ts": "8a03c5858c24965a54c6538bed15f32a7c72f5704a12bda56f83a40e28e5433e",
    "https://deno.land/std@0.176.0/types.d.ts": "220ed56662a0bd393ba5d124aa6ae2ad36a00d2fcbc0e8666a65f4606aaa9784",
    "https://deno.land/x/cliffy@v0.25.7/_utils/distance.ts": "02af166952c7c358ac83beae397aa2fbca4ad630aecfcd38d92edb1ea429f004",
    "https://deno.land/x/cliffy@v0.25.7/ansi/colors.ts": "5f71993af5bd1aa0a795b15f41692d556d7c89584a601fed75997df844b832c9",
    "https://deno.land/x/cliffy@v0.25.7/command/_errors.ts": "a9bd23dc816b32ec96c9b8f3057218241778d8c40333b43341138191450965e5",
    "https://deno.land/x/cliffy@v0.25.7/command/_utils.ts": "9ab3d69fabab6c335b881b8a5229cbd5db0c68f630a1c307aff988b6396d9baf",
    "https://deno.land/x/cliffy@v0.25.7/command/command.ts": "a2b83c612acd65c69116f70dec872f6da383699b83874b70fcf38cddf790443f",
    "https://deno.land/x/cliffy@v0.25.7/command/completions/_bash_completions_generator.ts": "43b4abb543d4dc60233620d51e69d82d3b7c44e274e723681e0dce2a124f69f9",
    "https://deno.land/x/cliffy@v0.25.7/command/completions/_fish_completions_generator.ts": "d0289985f5cf0bd288c05273bfa286b24c27feb40822eb7fd9d7fee64e6580e8",
    "https://deno.land/x/cliffy@v0.25.7/command/completions/_zsh_completions_generator.ts": "14461eb274954fea4953ee75938821f721da7da607dc49bcc7db1e3f33a207bd",
    "https://deno.land/x/cliffy@v0.25.7/command/completions/bash.ts": "053aa2006ec327ccecacb00ba28e5eb836300e5c1bec1b3cfaee9ddcf8189756",
    "https://deno.land/x/cliffy@v0.25.7/command/completions/complete.ts": "58df61caa5e6220ff2768636a69337923ad9d4b8c1932aeb27165081c4d07d8b",
    "https://deno.land/x/cliffy@v0.25.7/command/completions/fish.ts": "9938beaa6458c6cf9e2eeda46a09e8cd362d4f8c6c9efe87d3cd8ca7477402a5",
    "https://deno.land/x/cliffy@v0.25.7/command/completions/mod.ts": "aeef7ec8e319bb157c39a4bab8030c9fe8fa327b4c1e94c9c1025077b45b40c0",
    "https://deno.land/x/cliffy@v0.25.7/command/completions/zsh.ts": "8b04ab244a0b582f7927d405e17b38602428eeb347a9968a657e7ea9f40e721a",
    "https://deno.land/x/cliffy@v0.25.7/command/deprecated.ts": "bbe6670f1d645b773d04b725b8b8e7814c862c9f1afba460c4d599ffe9d4983c",
    "https://deno.land/x/cliffy@v0.25.7/command/deps.ts": "275b964ce173770bae65f6b8ebe9d2fd557dc10292cdd1ed3db1735f0d77fa1d",
    "https://deno.land/x/cliffy@v0.25.7/command/help/_help_generator.ts": "f7c349cb2ddb737e70dc1f89bcb1943ca9017a53506be0d4138e0aadb9970a49",
    "https://deno.land/x/cliffy@v0.25.7/command/help/mod.ts": "09d74d3eb42d21285407cda688074c29595d9c927b69aedf9d05ff3f215820d3",
    "https://deno.land/x/cliffy@v0.25.7/command/mod.ts": "d0a32df6b14028e43bb2d41fa87d24bc00f9662a44e5a177b3db02f93e473209",
    "https://deno.land/x/cliffy@v0.25.7/command/type.ts": "24e88e3085e1574662b856ccce70d589959648817135d4469fab67b9cce1b364",
    "https://deno.land/x/cliffy@v0.25.7/command/types.ts": "ae02eec0ed7a769f7dba2dd5d3a931a61724b3021271b1b565cf189d9adfd4a0",
    "https://deno.land/x/cliffy@v0.25.7/command/types/action_list.ts": "33c98d449617c7a563a535c9ceb3741bde9f6363353fd492f90a74570c611c27",
    "https://deno.land/x/cliffy@v0.25.7/command/types/boolean.ts": "3879ec16092b4b5b1a0acb8675f8c9250c0b8a972e1e4c7adfba8335bd2263ed",
    "https://deno.land/x/cliffy@v0.25.7/command/types/child_command.ts": "f1fca390c7fbfa7a713ca15ef55c2c7656bcbb394d50e8ef54085bdf6dc22559",
    "https://deno.land/x/cliffy@v0.25.7/command/types/command.ts": "325d0382e383b725fd8d0ef34ebaeae082c5b76a1f6f2e843fee5dbb1a4fe3ac",
    "https://deno.land/x/cliffy@v0.25.7/command/types/enum.ts": "2178345972adf7129a47e5f02856ca3e6852a91442a1c78307dffb8a6a3c6c9f",
    "https://deno.land/x/cliffy@v0.25.7/command/types/file.ts": "8618f16ac9015c8589cbd946b3de1988cc4899b90ea251f3325c93c46745140e",
    "https://deno.land/x/cliffy@v0.25.7/command/types/integer.ts": "29864725fd48738579d18123d7ee78fed37515e6dc62146c7544c98a82f1778d",
    "https://deno.land/x/cliffy@v0.25.7/command/types/number.ts": "aeba96e6f470309317a16b308c82e0e4138a830ec79c9877e4622c682012bc1f",
    "https://deno.land/x/cliffy@v0.25.7/command/types/string.ts": "e4dadb08a11795474871c7967beab954593813bb53d9f69ea5f9b734e43dc0e0",
    "https://deno.land/x/cliffy@v0.25.7/command/upgrade/mod.ts": "17e2df3b620905583256684415e6c4a31e8de5c59066eb6d6c9c133919292dc4",
    "https://deno.land/x/cliffy@v0.25.7/command/upgrade/provider.ts": "d6fb846043232cbd23c57d257100c7fc92274984d75a5fead0f3e4266dc76ab8",
    "https://deno.land/x/cliffy@v0.25.7/command/upgrade/provider/deno_land.ts": "24f8d82e38c51e09be989f30f8ad21f9dd41ac1bb1973b443a13883e8ba06d6d",
    "https://deno.land/x/cliffy@v0.25.7/command/upgrade/provider/github.ts": "99e1b133dd446c6aa79f69e69c46eb8bc1c968dd331c2a7d4064514a317c7b59",
    "https://deno.land/x/cliffy@v0.25.7/command/upgrade/provider/nest_land.ts": "0e07936cea04fa41ac9297f32d87f39152ea873970c54cb5b4934b12fee1885e",
    "https://deno.land/x/cliffy@v0.25.7/command/upgrade/upgrade_command.ts": "3640a287d914190241ea1e636774b1b4b0e1828fa75119971dd5304784061e05",
    "https://deno.land/x/cliffy@v0.25.7/flags/_errors.ts": "f1fbb6bfa009e7950508c9d491cfb4a5551027d9f453389606adb3f2327d048f",
    "https://deno.land/x/cliffy@v0.25.7/flags/_utils.ts": "340d3ecab43cde9489187e1f176504d2c58485df6652d1cdd907c0e9c3ce4cc2",
    "https://deno.land/x/cliffy@v0.25.7/flags/_validate_flags.ts": "16eb5837986c6f6f7620817820161a78d66ce92d690e3697068726bbef067452",
    "https://deno.land/x/cliffy@v0.25.7/flags/deprecated.ts": "a72a35de3cc7314e5ebea605ca23d08385b218ef171c32a3f135fb4318b08126",
    "https://deno.land/x/cliffy@v0.25.7/flags/flags.ts": "68a9dfcacc4983a84c07ba19b66e5e9fccd04389fad215210c60fb414cc62576",
    "https://deno.land/x/cliffy@v0.25.7/flags/types.ts": "7452ea5296758fb7af89930349ce40d8eb9a43b24b3f5759283e1cb5113075fd",
    "https://deno.land/x/cliffy@v0.25.7/flags/types/boolean.ts": "4c026dd66ec9c5436860dc6d0241427bdb8d8e07337ad71b33c08193428a2236",
    "https://deno.land/x/cliffy@v0.25.7/flags/types/integer.ts": "b60d4d590f309ddddf066782d43e4dc3799f0e7d08e5ede7dc62a5ee94b9a6d9",
    "https://deno.land/x/cliffy@v0.25.7/flags/types/number.ts": "610936e2d29de7c8c304b65489a75ebae17b005c6122c24e791fbed12444d51e",
    "https://deno.land/x/cliffy@v0.25.7/flags/types/string.ts": "e89b6a5ce322f65a894edecdc48b44956ec246a1d881f03e97bbda90dd8638c5",
    "https://deno.land/x/cliffy@v0.25.7/table/border.ts": "2514abae4e4f51eda60a5f8c927ba24efd464a590027e900926b38f68e01253c",
    "https://deno.land/x/cliffy@v0.25.7/table/cell.ts": "1d787d8006ac8302020d18ec39f8d7f1113612c20801b973e3839de9c3f8b7b3",
    "https://deno.land/x/cliffy@v0.25.7/table/deps.ts": "5b05fa56c1a5e2af34f2103fd199e5f87f0507549963019563eae519271819d2",
    "https://deno.land/x/cliffy@v0.25.7/table/layout.ts": "46bf10ae5430cf4fbb92f23d588230e9c6336edbdb154e5c9581290562b169f4",
    "https://deno.land/x/cliffy@v0.25.7/table/row.ts": "5f519ba7488d2ef76cbbf50527f10f7957bfd668ce5b9169abbc44ec88302645",
    "https://deno.land/x/cliffy@v0.25.7/table/table.ts": "ec204c9d08bb3ff1939c5ac7412a4c9ed7d00925d4fc92aff9bfe07bd269258d",
    "https://deno.land/x/cliffy@v0.25.7/table/utils.ts": "187bb7dcbcfb16199a5d906113f584740901dfca1007400cba0df7dcd341bc29",
    "https://deno.land/x/imagemagick_deno@0.0.19/mod.ts": "8950f261c03b03d1474eb7a092ca892fd7b11f84d8e1d9ff6facb7844d685779",
    "https://deno.land/x/imagemagick_deno@0.0.19/src/alpha-option.ts": "749a9f3309e491ec09a1d6bc50ce95d9733887d9f57c6863c4ff1c7e9610227b",
    "https://deno.land/x/imagemagick_deno@0.0.19/src/auto-threshold-method.ts": "bb08a00046137e441930e56190b6db10c5fe657cb0a6142cd565a40b1c4250a2",
    "https://deno.land/x/imagemagick_deno@0.0.19/src/channel-statistics.ts": "503871a48800436cbd02baee45f5e55aa7a0d95c3cd36e1111cf36dda946f43c",
    "https://deno.land/x/imagemagick_deno@0.0.19/src/channels.ts": "03e46f10df374d002cc39d10a6bc93c68deb4e1158bef1107234e10a192b05c7",
    "https://deno.land/x/imagemagick_deno@0.0.19/src/color-space.ts": "3d9a60f3a8bfefea8d9525572d7bd6214530c69688e8799dceb492b7797d1d0a",
    "https://deno.land/x/imagemagick_deno@0.0.19/src/composite-operator.ts": "f4b5046415c5965d53b17a9e441a42d87e8477b7c158704abd417d6ac10f3ea0",
    "https://deno.land/x/imagemagick_deno@0.0.19/src/defines/define.ts": "645fb3a06424ed750250212ac8762ba2ea97c4e4fdbda8aedf21734cbaf4833c",
    "https://deno.land/x/imagemagick_deno@0.0.19/src/defines/defines-creator.ts": "876b7215bb6523cee562bcdf95cdd20cce33dd118db9f61d3d9e6305d5cfa631",
    "https://deno.land/x/imagemagick_deno@0.0.19/src/defines/defines.ts": "fc8e12475e11a30f9f6f9c2b5e2fba94b01d65135654b97694da915d40fae2fe",
    "https://deno.land/x/imagemagick_deno@0.0.19/src/defines/magick-define.ts": "07e9e7fab4ea23f06f584163a99e0007ac1d1f3379ab4a872f1ddd555dd8ddd1",
    "https://deno.land/x/imagemagick_deno@0.0.19/src/disposable.ts": "4e30ceedea5c7829153ded68929cc206a303be220a560bb27319b607ee68c4a7",
    "https://deno.land/x/imagemagick_deno@0.0.19/src/distort-method.ts": "13819e00ccb6a636af9ece5d11dfce9451e578d46c94e1f528b0ae5da7721985",
    "https://deno.land/x/imagemagick_deno@0.0.19/src/drawables/drawable-color.ts": "fe3785761844f09a2c8bfda1821580c18706d986b1e7619dd984db6d33f3093a",
    "https://deno.land/x/imagemagick_deno@0.0.19/src/drawables/drawable-fill-color.ts": "566325e1b1eee1e4d74a97c7f0cfbd5cc1c3dbab9a39e8820b3e2555280fe633",
    "https://deno.land/x/imagemagick_deno@0.0.19/src/drawables/drawable-fill-opacity.ts": "a8bfce5d256ed1f296b4e57ae49035dad0baadec57b7ee68731494530b5df816",
    "https://deno.land/x/imagemagick_deno@0.0.19/src/drawables/drawable-font-point-size.ts": "ca4f41670186b13c1195eef74764af1ea00592b9faad5970d7867b3cb47630c3",
    "https://deno.land/x/imagemagick_deno@0.0.19/src/drawables/drawable-font.ts": "6a332ab99030ffe9fffd83704ba3e655649e48f026ef78dfb04d0bb1f99416bf",
    "https://deno.land/x/imagemagick_deno@0.0.19/src/drawables/drawable-gravity.ts": "184729aecc6d700a81eec2b8157b27b77f28c4188eb0f0337446b933e3857dbe",
    "https://deno.land/x/imagemagick_deno@0.0.19/src/drawables/drawable-rectangle.ts": "c6b1bb4b81a7e66e59a9338d45816a8471d951a6583567df68b31d3fde5ae6e0",
    "https://deno.land/x/imagemagick_deno@0.0.19/src/drawables/drawable-round-rectangle.ts": "7cd7e90d6d5902abee81061c7ce5919a50ef340d67d984f1ab5eb15ba22683c8",
    "https://deno.land/x/imagemagick_deno@0.0.19/src/drawables/drawable-text.ts": "f13d014b6f8b06e666b701b3860864711d0a0f942c1a30940af939705e72e5ce",
    "https://deno.land/x/imagemagick_deno@0.0.19/src/drawables/drawable.ts": "61b40233ea3c28664c2f8dfd8d794772d8a7a779f4228060efd41b0d44762521",
    "https://deno.land/x/imagemagick_deno@0.0.19/src/drawables/drawing-wand.ts": "c6fe73c4f4d48b8802aa79ea636b8d1f16046f2eb516b84260ae446f392b1528",
    "https://deno.land/x/imagemagick_deno@0.0.19/src/error-metric.ts": "fafe44d95312b0e9dd6e5d6d3efd536764468a4b80e3dc3d7d7efc33a40fb871",
    "https://deno.land/x/imagemagick_deno@0.0.19/src/evaluate-operator.ts": "c05d51cb193d95ce0432dee914465cbafc35026ea1102cc48f431571bfb67260",
    "https://deno.land/x/imagemagick_deno@0.0.19/src/filter-type.ts": "face0109ae9e56125b778a8842384031d6e0bd688dfcf96c0861f2fd8bb27225",
    "https://deno.land/x/imagemagick_deno@0.0.19/src/formats/dng/dng-output-color.ts": "13533caccea31a8e6cd960df47c1b608f89a786d51e9c4b3b869ca40eb01c5a8",
    "https://deno.land/x/imagemagick_deno@0.0.19/src/formats/dng/dng-read-defines.ts": "73d3fdc79c0f37ea3b2681f4e159cd927c25cb0801cc43905a4331171062f6c8",
    "https://deno.land/x/imagemagick_deno@0.0.19/src/gravity.ts": "ed99d33e3775c510c0a29fb330ca5ac9445e41dd3644507186c25cc32eb8634a",
    "https://deno.land/x/imagemagick_deno@0.0.19/src/image-magick.ts": "da1026ce67ad5040a672bcb0d1a7c76e8bdca9b5f3b7520081266ad96fae5318",
    "https://deno.land/x/imagemagick_deno@0.0.19/src/index.ts": "aebfbdd5446d99c67fd38182aa436d327defb5aa032e055de14d66c48649f505",
    "https://deno.land/x/imagemagick_deno@0.0.19/src/internal/disposable-array.ts": "048f80ffee94ccb37437961e7bcaa57ee0b0bd95a64423257010a8eeb18e9fae",
    "https://deno.land/x/imagemagick_deno@0.0.19/src/internal/disposable.ts": "48ea6c820871b46b9c50f8343bb68765bb81c80bf8edefc50c2d27bf4526c618",
    "https://deno.land/x/imagemagick_deno@0.0.19/src/internal/exception/exception.ts": "2c1e1d5f6df4fcaef50403ed18f5ebdf560a5e764944d569db406e97f76f2aae",
    "https://deno.land/x/imagemagick_deno@0.0.19/src/internal/geometry-flags.ts": "56bbc3f668db2e67f607cd1c08e07f51ded80a8c402efb0b6cd4ad98d0f69d19",
    "https://deno.land/x/imagemagick_deno@0.0.19/src/internal/magick-rectangle.ts": "ffffcd9ebffe20f871396af22c9f5acb332b5d503a5b21200a94e1e61e4e68b3",
    "https://deno.land/x/imagemagick_deno@0.0.19/src/internal/native/array.ts": "bcfa4f33246feaf3e1cfd219f188819caf2ed84562f986f508b1ba8beecd28fb",
    "https://deno.land/x/imagemagick_deno@0.0.19/src/internal/native/string.ts": "a3985bf82a8c0e0507001ab1af72c817f6a9f3fffcba532c5504b75102107ce3",
    "https://deno.land/x/imagemagick_deno@0.0.19/src/internal/pointer/pointer.ts": "d866febf67a2d72678e6bd0fd70f751622348c3c2c4ad0aba42dbd750c4f8526",
    "https://deno.land/x/imagemagick_deno@0.0.19/src/internal/string-info.ts": "6121081f0382fdfe259bb6c95655b1626cc68af778ad91af437daa8c55965575",
    "https://deno.land/x/imagemagick_deno@0.0.19/src/magick-color.ts": "6e849e94f3183d86f44d55f4646af394d0d3573fbce8b26b6d6bfbda03dcaf5c",
    "https://deno.land/x/imagemagick_deno@0.0.19/src/magick-colors.ts": "c3a4cdbbca0ebce9386ae71f835118847d8770573efcb63a35c54242aa156f90",
    "https://deno.land/x/imagemagick_deno@0.0.19/src/magick-error-severity.ts": "160e5f07bad67542c9c95a8ec61e70f294333bf7f3c463419dc4fadfacdbdbf6",
    "https://deno.land/x/imagemagick_deno@0.0.19/src/magick-error.ts": "5a515e203373ef48903bda51635e04f232bf3144eaee48c66d65df1e705346d4",
    "https://deno.land/x/imagemagick_deno@0.0.19/src/magick-format-info.ts": "eef4731c0036d58ebb9b9ff12d48bfdb6fad8d4ef82d74866c6c18f7605670cf",
    "https://deno.land/x/imagemagick_deno@0.0.19/src/magick-format.ts": "3373328cacc0e6a5b1264a6bedceffe17f687f8d303c8c3d0ecd7a9102771580",
    "https://deno.land/x/imagemagick_deno@0.0.19/src/magick-geometry.ts": "c41ec925e2cba2f4a07ab278de87d533aac282f68b038d6ca7075fc09570f759",
    "https://deno.land/x/imagemagick_deno@0.0.19/src/magick-image-collection.ts": "dfa429a070eeb22d57248d4eee057ee0aa3a6ee8ac850f32ec1c8d311b7a641d",
    "https://deno.land/x/imagemagick_deno@0.0.19/src/magick-image.ts": "7f85e27512ab1db7c9396b7903b03fb07763a014af9a56c5477bda306f5d42ea",
    "https://deno.land/x/imagemagick_deno@0.0.19/src/magick.ts": "990bbb125a908afd71bba8b9601704f64abfe68b861e906ec7495f87b2f4c776",
    "https://deno.land/x/imagemagick_deno@0.0.19/src/native-instance.ts": "791c1dc7459d0daf53fd385d255edb9d84869edc2943cd1ff3b4b7c34aeeffb0",
    "https://deno.land/x/imagemagick_deno@0.0.19/src/orientation-type.ts": "a5c48feec25d432e5c3ad3ed76c929a7960836d3ab1012525c0f7883e4f46c30",
    "https://deno.land/x/imagemagick_deno@0.0.19/src/paint-method.ts": "0178827b90549bf587e8ae9e2757cb96607b1fffa5c05d0534a8de136a346d29",
    "https://deno.land/x/imagemagick_deno@0.0.19/src/percentage.ts": "00240337512949c97e407b006cdd025af5fc6db600adce9ca6193ab61e326291",
    "https://deno.land/x/imagemagick_deno@0.0.19/src/pixel-channel.ts": "1a6943107a0c9b73757b08b4e41bd72227fec2dbb29f7fe5871257abcf541fa1",
    "https://deno.land/x/imagemagick_deno@0.0.19/src/pixel-interpolate-method.ts": "d2c62675acb5d8fffca3e2c91c9a35bfebec62f2424268e5e240f9f17f57d356",
    "https://deno.land/x/imagemagick_deno@0.0.19/src/pixels/pixel-collection.ts": "e44aa8ebff8635d3959a20ffa9a545ce5df2dc2a8806f6b0d1d0092e185577f7",
    "https://deno.land/x/imagemagick_deno@0.0.19/src/point.ts": "f664938d0f39eadd41fe5eb8ca81c52b59a7f7138539afea3ddc863d25a4a935",
    "https://deno.land/x/imagemagick_deno@0.0.19/src/profiles/image-profile.ts": "ea1bb6406430a03cf9263a40260fcd8f99bcc14fa3629206fcbcd2679c94b4a2",
    "https://deno.land/x/imagemagick_deno@0.0.19/src/quantum.ts": "7e92f9cf73fc6ec89df48ab4c462339fad580f0b6a1e1009d3c5a5cb599dc3ed",
    "https://deno.land/x/imagemagick_deno@0.0.19/src/settings/distort-settings.ts": "cdb352260b90a140191c222bafde0740114062822400bdf89709bef1c2f40563",
    "https://deno.land/x/imagemagick_deno@0.0.19/src/settings/drawing-settings.ts": "c5191eff30944c7a6047dfdd4d6a6714cbd3e0154c4942bb53bfa25acc3399b2",
    "https://deno.land/x/imagemagick_deno@0.0.19/src/settings/magick-read-settings.ts": "d5e83efd74ff563146c5c074cefeead82e07763c0e75d271c6f1ba9f1fca3b63",
    "https://deno.land/x/imagemagick_deno@0.0.19/src/settings/magick-settings.ts": "35a9146c2b92c63b80f0989ab8f6c2315166124e841bb0538303d6f945c08a27",
    "https://deno.land/x/imagemagick_deno@0.0.19/src/settings/montage-settings.ts": "db5dc688e2165b1a5501b6f2175c0453f9a1c435c6d1d20be657ddf26af2bb14",
    "https://deno.land/x/imagemagick_deno@0.0.19/src/settings/native-drawing-settings.ts": "a69579abe2600a8ae13484f0abee16ec17d4c31213e95fe0fb9b581ee434af64",
    "https://deno.land/x/imagemagick_deno@0.0.19/src/settings/native-magick-settings.ts": "553a903e16ad50b990175c5e8614473962b0e866f2e3c0148cf3bc2c0010552a",
    "https://deno.land/x/imagemagick_deno@0.0.19/src/settings/native-montage-settings.ts": "5b0c810053730ba63a6603fe4109c09ce02d3dd9f5a04ba1070094cb69a92433",
    "https://deno.land/x/imagemagick_deno@0.0.19/src/statistics.ts": "a9122f555b565d9869dcc9070d77febc54f2e12324932c6b8619e1a94b599885",
    "https://deno.land/x/imagemagick_deno@0.0.19/src/virtual-pixel-method.ts": "ae2f0520e05b382299e4d41f4d7e2c67baf727ef7c816037e601c978948b1451",
    "https://deno.land/x/imagemagick_deno@0.0.19/src/wasm/magick.ts": "b5ec7d6c3c7379f8f9ba0c23238f7024aa35f3a15edb2d1cbca4ccc44a186ac9",
    "https://deno.land/x/imagemagick_deno@0.0.19/src/wasm/magick_native.js": "2203872b5a96cb5a96c596898849a862b2ba083455ed0f3a445ba060f8e13f82"
  }
}
